
Microsoft Visual Studio Solution File, Format Version 12.00
# Visual Studio 15
VisualStudioVersion = 15.0.28307.421
MinimumVisualStudioVersion = 10.0.40219.1
Project("{9A19103F-16F7-4668-BE54-9A1E7A4F7556}") = "Deployer.Raspberry", "Deployer.Raspberry\Deployer.Raspberry.csproj", "{20501832-13F5-4673-9D86-9E7E0C562027}"
EndProject
Project("{FAE04EC0-301F-11D3-BF4B-00C04F79EFBC}") = "Deployer.Raspberry.NetFx", "Deployer.Raspberry.NetFx\Deployer.Raspberry.NetFx.csproj", "{2ABBF26A-2C87-4657-861E-08EC55DEAD77}"
EndProject
Project("{FAE04EC0-301F-11D3-BF4B-00C04F79EFBC}") = "Deployer.Raspberry.Gui", "Deployer.Raspberry.Gui\Deployer.Raspberry.Gui.csproj", "{ED104C3D-4B45-4C45-82BD-B043E85F0FE8}"
EndProject
Project("{2150E333-8FDC-42A3-9474-1A3956D46DE8}") = "Platform", "Platform", "{CA9EA919-A157-4AB5-9135-78B3820C674A}"
EndProject
Project("{9A19103F-16F7-4668-BE54-9A1E7A4F7556}") = "Deployer", "DeployerPlatform\Deployer\Deployer.csproj", "{20D40DC1-0237-47A0-B169-B420159E341C}"
EndProject
Project("{FAE04EC0-301F-11D3-BF4B-00C04F79EFBC}") = "Deployer.NetFx", "DeployerPlatform\Deployer.NetFx\Deployer.NetFx.csproj", "{FBEDAF0E-E2ED-4005-8D83-F980FA67FEB2}"
EndProject
Project("{9A19103F-16F7-4668-BE54-9A1E7A4F7556}") = "Registry", "DeployerPlatform\Registry\Registry\Registry.csproj", "{199EC816-6C41-4252-85FA-1C91865FC9AE}"
EndProject
Project("{9A19103F-16F7-4668-BE54-9A1E7A4F7556}") = "Deployer.Tests", "DeployerPlatform\Deployer.Tests\Deployer.Tests.csproj", "{81376FF8-929F-4339-95BD-2681D7C1944A}"
EndProject
Project("{FAE04EC0-301F-11D3-BF4B-00C04F79EFBC}") = "Deployer.NetFx.Tests", "DeployerPlatform\Deployer.NetFx.Tests\Deployer.NetFx.Tests.csproj", "{172F8752-7DBC-4B81-8B1F-0CE4AC63F8D2}"
EndProject
Project("{FAE04EC0-301F-11D3-BF4B-00C04F79EFBC}") = "Tester", "DeployerPlatform\Tester\Tester.csproj", "{1ABD25AC-52BD-4023-81EA-8D7D20701730}"
EndProject
Project("{9A19103F-16F7-4668-BE54-9A1E7A4F7556}") = "Zafiro.Core", "DeployerPlatform\Zafiro\Zafiro.Core\Zafiro.Core.csproj", "{0CC92C72-6CC6-4838-B746-59DED72C3E1C}"
EndProject
Project("{9A19103F-16F7-4668-BE54-9A1E7A4F7556}") = "RunProcessAsTask", "DeployerPlatform\RunProcessAsTask\src\RunProcessAsTask\RunProcessAsTask.csproj", "{7D41E67C-EE04-4E33-B5C5-B2AE32D71064}"
EndProject
Project("{FAE04EC0-301F-11D3-BF4B-00C04F79EFBC}") = "Deployer.UI", "DeployerPlatform\Deployer.UI\Deployer.UI.csproj", "{FD4462AC-5EB1-4923-A5D6-83DE6C102817}"
EndProject
Project("{FAE04EC0-301F-11D3-BF4B-00C04F79EFBC}") = "Markdown.Xaml", "DeployerPlatform\Markdown.XAML\src\Markdown.Xaml\Markdown.Xaml.csproj", "{34186C3B-C308-4CAE-B462-DB7B5F5E378C}"
EndProject
Global
	GlobalSection(SolutionConfigurationPlatforms) = preSolution
		Analysis|Any CPU = Analysis|Any CPU
		Debug|Any CPU = Debug|Any CPU
		Release|Any CPU = Release|Any CPU
	EndGlobalSection
	GlobalSection(ProjectConfigurationPlatforms) = postSolution
		{20501832-13F5-4673-9D86-9E7E0C562027}.Analysis|Any CPU.ActiveCfg = Release|Any CPU
		{20501832-13F5-4673-9D86-9E7E0C562027}.Analysis|Any CPU.Build.0 = Release|Any CPU
		{20501832-13F5-4673-9D86-9E7E0C562027}.Debug|Any CPU.ActiveCfg = Debug|Any CPU
		{20501832-13F5-4673-9D86-9E7E0C562027}.Debug|Any CPU.Build.0 = Debug|Any CPU
		{20501832-13F5-4673-9D86-9E7E0C562027}.Release|Any CPU.ActiveCfg = Release|Any CPU
		{20501832-13F5-4673-9D86-9E7E0C562027}.Release|Any CPU.Build.0 = Release|Any CPU
		{2ABBF26A-2C87-4657-861E-08EC55DEAD77}.Analysis|Any CPU.ActiveCfg = Release|Any CPU
		{2ABBF26A-2C87-4657-861E-08EC55DEAD77}.Analysis|Any CPU.Build.0 = Release|Any CPU
		{2ABBF26A-2C87-4657-861E-08EC55DEAD77}.Debug|Any CPU.ActiveCfg = Debug|Any CPU
		{2ABBF26A-2C87-4657-861E-08EC55DEAD77}.Debug|Any CPU.Build.0 = Debug|Any CPU
		{2ABBF26A-2C87-4657-861E-08EC55DEAD77}.Release|Any CPU.ActiveCfg = Release|Any CPU
		{2ABBF26A-2C87-4657-861E-08EC55DEAD77}.Release|Any CPU.Build.0 = Release|Any CPU
		{ED104C3D-4B45-4C45-82BD-B043E85F0FE8}.Analysis|Any CPU.ActiveCfg = Release|Any CPU
		{ED104C3D-4B45-4C45-82BD-B043E85F0FE8}.Analysis|Any CPU.Build.0 = Release|Any CPU
		{ED104C3D-4B45-4C45-82BD-B043E85F0FE8}.Debug|Any CPU.ActiveCfg = Debug|Any CPU
		{ED104C3D-4B45-4C45-82BD-B043E85F0FE8}.Debug|Any CPU.Build.0 = Debug|Any CPU
		{ED104C3D-4B45-4C45-82BD-B043E85F0FE8}.Release|Any CPU.ActiveCfg = Release|Any CPU
		{ED104C3D-4B45-4C45-82BD-B043E85F0FE8}.Release|Any CPU.Build.0 = Release|Any CPU
		{20D40DC1-0237-47A0-B169-B420159E341C}.Analysis|Any CPU.ActiveCfg = Release|Any CPU
		{20D40DC1-0237-47A0-B169-B420159E341C}.Analysis|Any CPU.Build.0 = Release|Any CPU
		{20D40DC1-0237-47A0-B169-B420159E341C}.Debug|Any CPU.ActiveCfg = Debug|Any CPU
		{20D40DC1-0237-47A0-B169-B420159E341C}.Debug|Any CPU.Build.0 = Debug|Any CPU
		{20D40DC1-0237-47A0-B169-B420159E341C}.Release|Any CPU.ActiveCfg = Release|Any CPU
		{20D40DC1-0237-47A0-B169-B420159E341C}.Release|Any CPU.Build.0 = Release|Any CPU
		{FBEDAF0E-E2ED-4005-8D83-F980FA67FEB2}.Analysis|Any CPU.ActiveCfg = Release|Any CPU
		{FBEDAF0E-E2ED-4005-8D83-F980FA67FEB2}.Analysis|Any CPU.Build.0 = Release|Any CPU
		{FBEDAF0E-E2ED-4005-8D83-F980FA67FEB2}.Debug|Any CPU.ActiveCfg = Debug|Any CPU
		{FBEDAF0E-E2ED-4005-8D83-F980FA67FEB2}.Debug|Any CPU.Build.0 = Debug|Any CPU
		{FBEDAF0E-E2ED-4005-8D83-F980FA67FEB2}.Release|Any CPU.ActiveCfg = Release|Any CPU
		{FBEDAF0E-E2ED-4005-8D83-F980FA67FEB2}.Release|Any CPU.Build.0 = Release|Any CPU
		{199EC816-6C41-4252-85FA-1C91865FC9AE}.Analysis|Any CPU.ActiveCfg = Release|Any CPU
		{199EC816-6C41-4252-85FA-1C91865FC9AE}.Analysis|Any CPU.Build.0 = Release|Any CPU
		{199EC816-6C41-4252-85FA-1C91865FC9AE}.Debug|Any CPU.ActiveCfg = Debug|Any CPU
		{199EC816-6C41-4252-85FA-1C91865FC9AE}.Debug|Any CPU.Build.0 = Debug|Any CPU
		{199EC816-6C41-4252-85FA-1C91865FC9AE}.Release|Any CPU.ActiveCfg = Release|Any CPU
		{199EC816-6C41-4252-85FA-1C91865FC9AE}.Release|Any CPU.Build.0 = Release|Any CPU
		{81376FF8-929F-4339-95BD-2681D7C1944A}.Analysis|Any CPU.ActiveCfg = Release|Any CPU
		{81376FF8-929F-4339-95BD-2681D7C1944A}.Analysis|Any CPU.Build.0 = Release|Any CPU
		{81376FF8-929F-4339-95BD-2681D7C1944A}.Debug|Any CPU.ActiveCfg = Debug|Any CPU
		{81376FF8-929F-4339-95BD-2681D7C1944A}.Debug|Any CPU.Build.0 = Debug|Any CPU
		{81376FF8-929F-4339-95BD-2681D7C1944A}.Release|Any CPU.ActiveCfg = Release|Any CPU
		{81376FF8-929F-4339-95BD-2681D7C1944A}.Release|Any CPU.Build.0 = Release|Any CPU
		{172F8752-7DBC-4B81-8B1F-0CE4AC63F8D2}.Analysis|Any CPU.ActiveCfg = Release|Any CPU
		{172F8752-7DBC-4B81-8B1F-0CE4AC63F8D2}.Analysis|Any CPU.Build.0 = Release|Any CPU
		{172F8752-7DBC-4B81-8B1F-0CE4AC63F8D2}.Debug|Any CPU.ActiveCfg = Debug|Any CPU
		{172F8752-7DBC-4B81-8B1F-0CE4AC63F8D2}.Debug|Any CPU.Build.0 = Debug|Any CPU
		{172F8752-7DBC-4B81-8B1F-0CE4AC63F8D2}.Release|Any CPU.ActiveCfg = Release|Any CPU
		{172F8752-7DBC-4B81-8B1F-0CE4AC63F8D2}.Release|Any CPU.Build.0 = Release|Any CPU
		{1ABD25AC-52BD-4023-81EA-8D7D20701730}.Analysis|Any CPU.ActiveCfg = Release|Any CPU
		{1ABD25AC-52BD-4023-81EA-8D7D20701730}.Analysis|Any CPU.Build.0 = Release|Any CPU
		{1ABD25AC-52BD-4023-81EA-8D7D20701730}.Debug|Any CPU.ActiveCfg = Debug|Any CPU
		{1ABD25AC-52BD-4023-81EA-8D7D20701730}.Debug|Any CPU.Build.0 = Debug|Any CPU
		{1ABD25AC-52BD-4023-81EA-8D7D20701730}.Release|Any CPU.ActiveCfg = Release|Any CPU
		{1ABD25AC-52BD-4023-81EA-8D7D20701730}.Release|Any CPU.Build.0 = Release|Any CPU
		{0CC92C72-6CC6-4838-B746-59DED72C3E1C}.Analysis|Any CPU.ActiveCfg = Release|Any CPU
		{0CC92C72-6CC6-4838-B746-59DED72C3E1C}.Analysis|Any CPU.Build.0 = Release|Any CPU
		{0CC92C72-6CC6-4838-B746-59DED72C3E1C}.Debug|Any CPU.ActiveCfg = Debug|Any CPU
		{0CC92C72-6CC6-4838-B746-59DED72C3E1C}.Debug|Any CPU.Build.0 = Debug|Any CPU
		{0CC92C72-6CC6-4838-B746-59DED72C3E1C}.Release|Any CPU.ActiveCfg = Release|Any CPU
		{0CC92C72-6CC6-4838-B746-59DED72C3E1C}.Release|Any CPU.Build.0 = Release|Any CPU
		{7D41E67C-EE04-4E33-B5C5-B2AE32D71064}.Analysis|Any CPU.ActiveCfg = Release|Any CPU
		{7D41E67C-EE04-4E33-B5C5-B2AE32D71064}.Analysis|Any CPU.Build.0 = Release|Any CPU
		{7D41E67C-EE04-4E33-B5C5-B2AE32D71064}.Debug|Any CPU.ActiveCfg = Debug|Any CPU
		{7D41E67C-EE04-4E33-B5C5-B2AE32D71064}.Debug|Any CPU.Build.0 = Debug|Any CPU
		{7D41E67C-EE04-4E33-B5C5-B2AE32D71064}.Release|Any CPU.ActiveCfg = Release|Any CPU
		{7D41E67C-EE04-4E33-B5C5-B2AE32D71064}.Release|Any CPU.Build.0 = Release|Any CPU
		{FD4462AC-5EB1-4923-A5D6-83DE6C102817}.Analysis|Any CPU.ActiveCfg = Release|Any CPU
		{FD4462AC-5EB1-4923-A5D6-83DE6C102817}.Analysis|Any CPU.Build.0 = Release|Any CPU
		{FD4462AC-5EB1-4923-A5D6-83DE6C102817}.Debug|Any CPU.ActiveCfg = Debug|Any CPU
		{FD4462AC-5EB1-4923-A5D6-83DE6C102817}.Debug|Any CPU.Build.0 = Debug|Any CPU
		{FD4462AC-5EB1-4923-A5D6-83DE6C102817}.Release|Any CPU.ActiveCfg = Release|Any CPU
		{FD4462AC-5EB1-4923-A5D6-83DE6C102817}.Release|Any CPU.Build.0 = Release|Any CPU
		{34186C3B-C308-4CAE-B462-DB7B5F5E378C}.Analysis|Any CPU.ActiveCfg = Analysis|Any CPU
		{34186C3B-C308-4CAE-B462-DB7B5F5E378C}.Analysis|Any CPU.Build.0 = Analysis|Any CPU
		{34186C3B-C308-4CAE-B462-DB7B5F5E378C}.Debug|Any CPU.ActiveCfg = Debug|Any CPU
		{34186C3B-C308-4CAE-B462-DB7B5F5E378C}.Debug|Any CPU.Build.0 = Debug|Any CPU
		{34186C3B-C308-4CAE-B462-DB7B5F5E378C}.Release|Any CPU.ActiveCfg = Release|Any CPU
		{34186C3B-C308-4CAE-B462-DB7B5F5E378C}.Release|Any CPU.Build.0 = Release|Any CPU
	EndGlobalSection
	GlobalSection(SolutionProperties) = preSolution
		HideSolutionNode = FALSE
	EndGlobalSection
	GlobalSection(NestedProjects) = preSolution
		{20D40DC1-0237-47A0-B169-B420159E341C} = {CA9EA919-A157-4AB5-9135-78B3820C674A}
		{FBEDAF0E-E2ED-4005-8D83-F980FA67FEB2} = {CA9EA919-A157-4AB5-9135-78B3820C674A}
		{199EC816-6C41-4252-85FA-1C91865FC9AE} = {CA9EA919-A157-4AB5-9135-78B3820C674A}
		{81376FF8-929F-4339-95BD-2681D7C1944A} = {CA9EA919-A157-4AB5-9135-78B3820C674A}
		{172F8752-7DBC-4B81-8B1F-0CE4AC63F8D2} = {CA9EA919-A157-4AB5-9135-78B3820C674A}
		{1ABD25AC-52BD-4023-81EA-8D7D20701730} = {CA9EA919-A157-4AB5-9135-78B3820C674A}
		{0CC92C72-6CC6-4838-B746-59DED72C3E1C} = {CA9EA919-A157-4AB5-9135-78B3820C674A}
		{7D41E67C-EE04-4E33-B5C5-B2AE32D71064} = {CA9EA919-A157-4AB5-9135-78B3820C674A}
		{FD4462AC-5EB1-4923-A5D6-83DE6C102817} = {CA9EA919-A157-4AB5-9135-78B3820C674A}
		{34186C3B-C308-4CAE-B462-DB7B5F5E378C} = {CA9EA919-A157-4AB5-9135-78B3820C674A}
	EndGlobalSection
	GlobalSection(ExtensibilityGlobals) = postSolution
		SolutionGuid = {17415657-E67C-4901-A9DD-6372AF9CC25E}
	EndGlobalSection
EndGlobal
