
Microsoft Visual Studio Solution File, Format Version 12.00
# Visual Studio 15
VisualStudioVersion = 15.0.28307.421
MinimumVisualStudioVersion = 10.0.40219.1
Project("{9A19103F-16F7-4668-BE54-9A1E7A4F7556}") = "Deployer.Raspberry", "Deployer.Raspberry\Deployer.Raspberry.csproj", "{20501832-13F5-4673-9D86-9E7E0C562027}"
EndProject
Project("{FAE04EC0-301F-11D3-BF4B-00C04F79EFBC}") = "Deployer.Raspberry.Console", "Deployer.Raspberry.Console\Deployer.Raspberry.Console.csproj", "{16500914-E053-433E-9B6A-27D4A5717130}"
EndProject
Project("{FAE04EC0-301F-11D3-BF4B-00C04F79EFBC}") = "Deployer.Raspberry.NetFx", "Deployer.Raspberry.NetFx\Deployer.Raspberry.NetFx.csproj", "{2ABBF26A-2C87-4657-861E-08EC55DEAD77}"
EndProject
Project("{FAE04EC0-301F-11D3-BF4B-00C04F79EFBC}") = "Deployer.Raspberry.Gui", "Deployer.Raspberry.Gui\Deployer.Raspberry.Gui.csproj", "{ED104C3D-4B45-4C45-82BD-B043E85F0FE8}"
EndProject
Project("{2150E333-8FDC-42A3-9474-1A3956D46DE8}") = "Platform", "Platform", "{CA9EA919-A157-4AB5-9135-78B3820C674A}"
EndProject
Project("{9A19103F-16F7-4668-BE54-9A1E7A4F7556}") = "Deployer", "DeployerPlatform\Deployer\Deployer.csproj", "{20D40DC1-0237-47A0-B169-B420159E341C}"
EndProject
Project("{FAE04EC0-301F-11D3-BF4B-00C04F79EFBC}") = "Deployer.Gui.Common", "DeployerPlatform\Deployer.Gui.Common\Deployer.Gui.Common.csproj", "{AD8EA86C-AF60-4CCF-9CAA-07BBF5E039EC}"
EndProject
Project("{FAE04EC0-301F-11D3-BF4B-00C04F79EFBC}") = "Deployer.NetFx", "DeployerPlatform\Deployer.NetFx\Deployer.NetFx.csproj", "{FBEDAF0E-E2ED-4005-8D83-F980FA67FEB2}"
EndProject
Project("{9A19103F-16F7-4668-BE54-9A1E7A4F7556}") = "Registry", "Registry\Registry\Registry.csproj", "{30F3B1FC-9165-4B5B-8AA9-ED5BDF94FC08}"
EndProject
Global
	GlobalSection(SolutionConfigurationPlatforms) = preSolution
		Debug|Any CPU = Debug|Any CPU
		Release|Any CPU = Release|Any CPU
	EndGlobalSection
	GlobalSection(ProjectConfigurationPlatforms) = postSolution
		{20501832-13F5-4673-9D86-9E7E0C562027}.Debug|Any CPU.ActiveCfg = Debug|Any CPU
		{20501832-13F5-4673-9D86-9E7E0C562027}.Debug|Any CPU.Build.0 = Debug|Any CPU
		{20501832-13F5-4673-9D86-9E7E0C562027}.Release|Any CPU.ActiveCfg = Release|Any CPU
		{20501832-13F5-4673-9D86-9E7E0C562027}.Release|Any CPU.Build.0 = Release|Any CPU
		{16500914-E053-433E-9B6A-27D4A5717130}.Debug|Any CPU.ActiveCfg = Debug|Any CPU
		{16500914-E053-433E-9B6A-27D4A5717130}.Debug|Any CPU.Build.0 = Debug|Any CPU
		{16500914-E053-433E-9B6A-27D4A5717130}.Release|Any CPU.ActiveCfg = Release|Any CPU
		{16500914-E053-433E-9B6A-27D4A5717130}.Release|Any CPU.Build.0 = Release|Any CPU
		{2ABBF26A-2C87-4657-861E-08EC55DEAD77}.Debug|Any CPU.ActiveCfg = Debug|Any CPU
		{2ABBF26A-2C87-4657-861E-08EC55DEAD77}.Debug|Any CPU.Build.0 = Debug|Any CPU
		{2ABBF26A-2C87-4657-861E-08EC55DEAD77}.Release|Any CPU.ActiveCfg = Release|Any CPU
		{2ABBF26A-2C87-4657-861E-08EC55DEAD77}.Release|Any CPU.Build.0 = Release|Any CPU
		{ED104C3D-4B45-4C45-82BD-B043E85F0FE8}.Debug|Any CPU.ActiveCfg = Debug|Any CPU
		{ED104C3D-4B45-4C45-82BD-B043E85F0FE8}.Debug|Any CPU.Build.0 = Debug|Any CPU
		{ED104C3D-4B45-4C45-82BD-B043E85F0FE8}.Release|Any CPU.ActiveCfg = Release|Any CPU
		{ED104C3D-4B45-4C45-82BD-B043E85F0FE8}.Release|Any CPU.Build.0 = Release|Any CPU
		{20D40DC1-0237-47A0-B169-B420159E341C}.Debug|Any CPU.ActiveCfg = Debug|Any CPU
		{20D40DC1-0237-47A0-B169-B420159E341C}.Debug|Any CPU.Build.0 = Debug|Any CPU
		{20D40DC1-0237-47A0-B169-B420159E341C}.Release|Any CPU.ActiveCfg = Release|Any CPU
		{20D40DC1-0237-47A0-B169-B420159E341C}.Release|Any CPU.Build.0 = Release|Any CPU
		{AD8EA86C-AF60-4CCF-9CAA-07BBF5E039EC}.Debug|Any CPU.ActiveCfg = Debug|Any CPU
		{AD8EA86C-AF60-4CCF-9CAA-07BBF5E039EC}.Debug|Any CPU.Build.0 = Debug|Any CPU
		{AD8EA86C-AF60-4CCF-9CAA-07BBF5E039EC}.Release|Any CPU.ActiveCfg = Release|Any CPU
		{AD8EA86C-AF60-4CCF-9CAA-07BBF5E039EC}.Release|Any CPU.Build.0 = Release|Any CPU
		{FBEDAF0E-E2ED-4005-8D83-F980FA67FEB2}.Debug|Any CPU.ActiveCfg = Debug|Any CPU
		{FBEDAF0E-E2ED-4005-8D83-F980FA67FEB2}.Debug|Any CPU.Build.0 = Debug|Any CPU
		{FBEDAF0E-E2ED-4005-8D83-F980FA67FEB2}.Release|Any CPU.ActiveCfg = Release|Any CPU
		{FBEDAF0E-E2ED-4005-8D83-F980FA67FEB2}.Release|Any CPU.Build.0 = Release|Any CPU
		{30F3B1FC-9165-4B5B-8AA9-ED5BDF94FC08}.Debug|Any CPU.ActiveCfg = Debug|Any CPU
		{30F3B1FC-9165-4B5B-8AA9-ED5BDF94FC08}.Debug|Any CPU.Build.0 = Debug|Any CPU
		{30F3B1FC-9165-4B5B-8AA9-ED5BDF94FC08}.Release|Any CPU.ActiveCfg = Release|Any CPU
		{30F3B1FC-9165-4B5B-8AA9-ED5BDF94FC08}.Release|Any CPU.Build.0 = Release|Any CPU
	EndGlobalSection
	GlobalSection(SolutionProperties) = preSolution
		HideSolutionNode = FALSE
	EndGlobalSection
	GlobalSection(NestedProjects) = preSolution
		{20D40DC1-0237-47A0-B169-B420159E341C} = {CA9EA919-A157-4AB5-9135-78B3820C674A}
		{AD8EA86C-AF60-4CCF-9CAA-07BBF5E039EC} = {CA9EA919-A157-4AB5-9135-78B3820C674A}
		{FBEDAF0E-E2ED-4005-8D83-F980FA67FEB2} = {CA9EA919-A157-4AB5-9135-78B3820C674A}
		{30F3B1FC-9165-4B5B-8AA9-ED5BDF94FC08} = {CA9EA919-A157-4AB5-9135-78B3820C674A}
	EndGlobalSection
	GlobalSection(ExtensibilityGlobals) = postSolution
		SolutionGuid = {17415657-E67C-4901-A9DD-6372AF9CC25E}
	EndGlobalSection
EndGlobal
